
Microsoft Visual Studio Solution File, Format Version 12.00
# Visual Studio Version 17
VisualStudioVersion = 17.8.34330.188
MinimumVisualStudioVersion = 10.0.40219.1
Project("{FAE04EC0-301F-11D3-BF4B-00C04F79EFBC}") = "SignalR", "SignalR.csproj", "{D78BC760-4009-4BBA-80E9-026FEF8E2FFA}"
EndProject
Project("{FAE04EC0-301F-11D3-BF4B-00C04F79EFBC}") = "SignalRHub", "..\SignalRHub\SignalRHub.csproj", "{AC64DD7D-BE0E-4717-B91C-762A25FEAC68}"
EndProject
Global
	GlobalSection(SolutionConfigurationPlatforms) = preSolution
		Debug|Any CPU = Debug|Any CPU
		Release|Any CPU = Release|Any CPU
	EndGlobalSection
	GlobalSection(ProjectConfigurationPlatforms) = postSolution
		{D78BC760-4009-4BBA-80E9-026FEF8E2FFA}.Debug|Any CPU.ActiveCfg = Debug|Any CPU
		{D78BC760-4009-4BBA-80E9-026FEF8E2FFA}.Debug|Any CPU.Build.0 = Debug|Any CPU
		{D78BC760-4009-4BBA-80E9-026FEF8E2FFA}.Debug|Any CPU.Deploy.0 = Debug|Any CPU
		{D78BC760-4009-4BBA-80E9-026FEF8E2FFA}.Release|Any CPU.ActiveCfg = Release|Any CPU
		{D78BC760-4009-4BBA-80E9-026FEF8E2FFA}.Release|Any CPU.Build.0 = Release|Any CPU
		{D78BC760-4009-4BBA-80E9-026FEF8E2FFA}.Release|Any CPU.Deploy.0 = Release|Any CPU
		{AC64DD7D-BE0E-4717-B91C-762A25FEAC68}.Debug|Any CPU.ActiveCfg = Debug|Any CPU
		{AC64DD7D-BE0E-4717-B91C-762A25FEAC68}.Debug|Any CPU.Build.0 = Debug|Any CPU
		{AC64DD7D-BE0E-4717-B91C-762A25FEAC68}.Release|Any CPU.ActiveCfg = Release|Any CPU
		{AC64DD7D-BE0E-4717-B91C-762A25FEAC68}.Release|Any CPU.Build.0 = Release|Any CPU
	EndGlobalSection
	GlobalSection(SolutionProperties) = preSolution
		HideSolutionNode = FALSE
	EndGlobalSection
	GlobalSection(ExtensibilityGlobals) = postSolution
		SolutionGuid = {21327394-BD95-4309-8F84-773193A63681}
	EndGlobalSection
EndGlobal
